Microsoft Visual Studio Solution File, Format Version 12.00
# Visual Studio 2012
Project("{FAE04EC0-301F-11D3-BF4B-00C04F79EFBC}") = "It-s Just Tennis", "It-s Just Tennis.csproj", "{2EDC8A29-6E76-4BA3-9F8E-0F1014A924A6}"
EndProject
Global
	GlobalSection(SolutionConfigurationPlatforms) = preSolution
	Debug|Any CPU = Debug|Any CPU
	ExportDebug|Any CPU = ExportDebug|Any CPU
	ExportRelease|Any CPU = ExportRelease|Any CPU
	EndGlobalSection
	GlobalSection(ProjectConfigurationPlatforms) = postSolution
		{2EDC8A29-6E76-4BA3-9F8E-0F1014A924A6}.Debug|Any CPU.ActiveCfg = Debug|Any CPU
		{2EDC8A29-6E76-4BA3-9F8E-0F1014A924A6}.Debug|Any CPU.Build.0 = Debug|Any CPU
		{2EDC8A29-6E76-4BA3-9F8E-0F1014A924A6}.ExportDebug|Any CPU.ActiveCfg = ExportDebug|Any CPU
		{2EDC8A29-6E76-4BA3-9F8E-0F1014A924A6}.ExportDebug|Any CPU.Build.0 = ExportDebug|Any CPU
		{2EDC8A29-6E76-4BA3-9F8E-0F1014A924A6}.ExportRelease|Any CPU.ActiveCfg = ExportRelease|Any CPU
		{2EDC8A29-6E76-4BA3-9F8E-0F1014A924A6}.ExportRelease|Any CPU.Build.0 = ExportRelease|Any CPU
	EndGlobalSection
EndGlobal
